
Microsoft Visual Studio Solution File, Format Version 12.00
# Visual Studio 15
Project("{FAE04EC0-301F-11D3-BF4B-00C04F79EFBC}") = "Assembly-CSharp", "Assembly-CSharp.csproj", "{17B10DC9-22A1-4FD4-6040-008787677490}"
EndProject
Project("{FAE04EC0-301F-11D3-BF4B-00C04F79EFBC}") = "Assembly-CSharp-Editor", "Assembly-CSharp-Editor.csproj", "{64AECF31-12BE-335A-ACFB-6F6E3D6CC2A2}"
EndProject
Global
	GlobalSection(SolutionConfigurationPlatforms) = preSolution
		Debug|Any CPU = Debug|Any CPU
		Release|Any CPU = Release|Any CPU
	EndGlobalSection
	GlobalSection(ProjectConfigurationPlatforms) = postSolution
		{17B10DC9-22A1-4FD4-6040-008787677490}.Debug|Any CPU.ActiveCfg = Debug|Any CPU
		{17B10DC9-22A1-4FD4-6040-008787677490}.Debug|Any CPU.Build.0 = Debug|Any CPU
		{17B10DC9-22A1-4FD4-6040-008787677490}.Release|Any CPU.ActiveCfg = Release|Any CPU
		{17B10DC9-22A1-4FD4-6040-008787677490}.Release|Any CPU.Build.0 = Release|Any CPU
		{64AECF31-12BE-335A-ACFB-6F6E3D6CC2A2}.Debug|Any CPU.ActiveCfg = Debug|Any CPU
		{64AECF31-12BE-335A-ACFB-6F6E3D6CC2A2}.Debug|Any CPU.Build.0 = Debug|Any CPU
		{64AECF31-12BE-335A-ACFB-6F6E3D6CC2A2}.Release|Any CPU.ActiveCfg = Release|Any CPU
		{64AECF31-12BE-335A-ACFB-6F6E3D6CC2A2}.Release|Any CPU.Build.0 = Release|Any CPU
	EndGlobalSection
	GlobalSection(SolutionProperties) = preSolution
		HideSolutionNode = FALSE
	EndGlobalSection
EndGlobal
